
Microsoft Visual Studio Solution File, Format Version 12.00
# Visual Studio Version 17
VisualStudioVersion = 17.11.35222.181
MinimumVisualStudioVersion = 10.0.40219.1
Project("{FAE04EC0-301F-11D3-BF4B-00C04F79EFBC}") = "MiscellaneousApi", "MiscellaneousApi.csproj", "{C40E9FC9-D37C-4BA7-A048-59E509221B6A}"
EndProject
Global
	GlobalSection(SolutionConfigurationPlatforms) = preSolution
		Debug|Any CPU = Debug|Any CPU
		Release|Any CPU = Release|Any CPU
	EndGlobalSection
	GlobalSection(ProjectConfigurationPlatforms) = postSolution
		{C40E9FC9-D37C-4BA7-A048-59E509221B6A}.Debug|Any CPU.ActiveCfg = Debug|Any CPU
		{C40E9FC9-D37C-4BA7-A048-59E509221B6A}.Debug|Any CPU.Build.0 = Debug|Any CPU
		{C40E9FC9-D37C-4BA7-A048-59E509221B6A}.Release|Any CPU.ActiveCfg = Release|Any CPU
		{C40E9FC9-D37C-4BA7-A048-59E509221B6A}.Release|Any CPU.Build.0 = Release|Any CPU
	EndGlobalSection
	GlobalSection(SolutionProperties) = preSolution
		HideSolutionNode = FALSE
	EndGlobalSection
	GlobalSection(ExtensibilityGlobals) = postSolution
		SolutionGuid = {28539E85-29E8-42A3-8DC6-D09C8EFDBF55}
	EndGlobalSection
EndGlobal
